
Microsoft Visual Studio Solution File, Format Version 12.00
# Visual Studio Version 16
VisualStudioVersion = 16.0.30503.244
MinimumVisualStudioVersion = 10.0.40219.1
Project("{8BC9CEB8-8B4A-11D0-8D11-00A0C91BC942}") = "Komu", "Komu.vcxproj", "{F80A9B29-A1DA-4531-BB55-A12436EBAD8A}"
EndProject
Global
	GlobalSection(SolutionConfigurationPlatforms) = preSolution
		Debug|x64 = Debug|x64
		Debug|x86 = Debug|x86
		Release|x64 = Release|x64
		Release|x86 = Release|x86
	EndGlobalSection
	GlobalSection(ProjectConfigurationPlatforms) = postSolution
		{F80A9B29-A1DA-4531-BB55-A12436EBAD8A}.Debug|x64.ActiveCfg = Debug|x64
		{F80A9B29-A1DA-4531-BB55-A12436EBAD8A}.Debug|x64.Build.0 = Debug|x64
		{F80A9B29-A1DA-4531-BB55-A12436EBAD8A}.Debug|x86.ActiveCfg = Debug|Win32
		{F80A9B29-A1DA-4531-BB55-A12436EBAD8A}.Debug|x86.Build.0 = Debug|Win32
		{F80A9B29-A1DA-4531-BB55-A12436EBAD8A}.Release|x64.ActiveCfg = Release|x64
		{F80A9B29-A1DA-4531-BB55-A12436EBAD8A}.Release|x64.Build.0 = Release|x64
		{F80A9B29-A1DA-4531-BB55-A12436EBAD8A}.Release|x86.ActiveCfg = Release|Win32
		{F80A9B29-A1DA-4531-BB55-A12436EBAD8A}.Release|x86.Build.0 = Release|Win32
	EndGlobalSection
	GlobalSection(SolutionProperties) = preSolution
		HideSolutionNode = FALSE
	EndGlobalSection
	GlobalSection(ExtensibilityGlobals) = postSolution
		SolutionGuid = {F93D876C-47C8-420C-8512-9EA8B1FBC975}
	EndGlobalSection
EndGlobal
